
Microsoft Visual Studio Solution File, Format Version 11.00
# Visual Studio 2010
Project("{FAE04EC0-301F-11D3-BF4B-00C04F79EFBC}") = "AssemblyVisualizer", "AssemblyVisualizer\AssemblyVisualizer.csproj", "{6ADE1DC4-9429-40A8-B0C3-B4575486E141}"
EndProject
Global
	GlobalSection(SolutionConfigurationPlatforms) = preSolution
		ILSpy Debug|Any CPU = ILSpy Debug|Any CPU
		Reflector Debug|Any CPU = Reflector Debug|Any CPU
	EndGlobalSection
	GlobalSection(ProjectConfigurationPlatforms) = postSolution
		{6ADE1DC4-9429-40A8-B0C3-B4575486E141}.ILSpy Debug|Any CPU.ActiveCfg = ILSpy Debug|Any CPU
		{6ADE1DC4-9429-40A8-B0C3-B4575486E141}.ILSpy Debug|Any CPU.Build.0 = ILSpy Debug|Any CPU
		{6ADE1DC4-9429-40A8-B0C3-B4575486E141}.Reflector Debug|Any CPU.ActiveCfg = Reflector Debug|Any CPU
		{6ADE1DC4-9429-40A8-B0C3-B4575486E141}.Reflector Debug|Any CPU.Build.0 = Reflector Debug|Any CPU
	EndGlobalSection
	GlobalSection(SolutionProperties) = preSolution
		HideSolutionNode = FALSE
	EndGlobalSection
EndGlobal
